
Microsoft Visual Studio Solution File, Format Version 12.00
# Visual Studio Version 17
VisualStudioVersion = 17.5.33502.453
MinimumVisualStudioVersion = 10.0.40219.1
Project("{FAE04EC0-301F-11D3-BF4B-00C04F79EFBC}") = "Pacanica", "Pacanica\Pacanica.csproj", "{FBAF11CD-6407-4311-9F79-00D7543450D0}"
EndProject
Global
	GlobalSection(SolutionConfigurationPlatforms) = preSolution
		Debug|Any CPU = Debug|Any CPU
		Release|Any CPU = Release|Any CPU
	EndGlobalSection
	GlobalSection(ProjectConfigurationPlatforms) = postSolution
		{FBAF11CD-6407-4311-9F79-00D7543450D0}.Debug|Any CPU.ActiveCfg = Debug|Any CPU
		{FBAF11CD-6407-4311-9F79-00D7543450D0}.Debug|Any CPU.Build.0 = Debug|Any CPU
		{FBAF11CD-6407-4311-9F79-00D7543450D0}.Release|Any CPU.ActiveCfg = Release|Any CPU
		{FBAF11CD-6407-4311-9F79-00D7543450D0}.Release|Any CPU.Build.0 = Release|Any CPU
	EndGlobalSection
	GlobalSection(SolutionProperties) = preSolution
		HideSolutionNode = FALSE
	EndGlobalSection
	GlobalSection(ExtensibilityGlobals) = postSolution
		SolutionGuid = {978BA897-A6D1-49AF-ADAC-DA5A11B9C345}
	EndGlobalSection
EndGlobal
